# This file is automatically @generated by Cargo.
# It is not intended for manual editing.
[[package]]
name = "aa2"
version = "0.0.1"

[[package]]
name = "cm2"
version = "0.0.1"

[[package]]
name = "di2"
version = "0.0.1"

[[package]]
name = "dp2"
version = "0.0.1"

[[package]]
name = "le2"
version = "0.0.1"

[[package]]
name = "pu2"
version = "0.0.1"

[[package]]
name = "st2"
version = "0.0.1"

